
Microsoft Visual Studio Solution File, Format Version 12.00
# Visual Studio 15
VisualStudioVersion = 15.0.28307.271
MinimumVisualStudioVersion = 10.0.40219.1
Project("{FAE04EC0-301F-11D3-BF4B-00C04F79EFBC}") = "Challenge.Domain", "Challenge.Domain\Challenge.Domain.csproj", "{8CF638F0-FB91-431E-8B97-8CFEDDB8B482}"
EndProject
Project("{FAE04EC0-301F-11D3-BF4B-00C04F79EFBC}") = "Challenge.Infrastructure.Repository", "Challenge.Infrastructure.Repository\Challenge.Infrastructure.Repository.csproj", "{7D0133E7-279A-4417-B8B7-33DE9912A13B}"
EndProject
Project("{FAE04EC0-301F-11D3-BF4B-00C04F79EFBC}") = "Challenge.Infrastructure.Service", "Challenge.Infrastructure.Service\Challenge.Infrastructure.Service.csproj", "{EBB005B6-A16B-4C52-9C2C-9C07E29EB669}"
EndProject
Project("{FAE04EC0-301F-11D3-BF4B-00C04F79EFBC}") = "Challenge.WebApi", "Challenge.WebApi\Challenge.WebApi.csproj", "{11B60C68-C758-4A43-ADBE-C68F5A988E03}"
EndProject
Global
	GlobalSection(SolutionConfigurationPlatforms) = preSolution
		Debug|Any CPU = Debug|Any CPU
		Release|Any CPU = Release|Any CPU
	EndGlobalSection
	GlobalSection(ProjectConfigurationPlatforms) = postSolution
		{8CF638F0-FB91-431E-8B97-8CFEDDB8B482}.Debug|Any CPU.ActiveCfg = Debug|Any CPU
		{8CF638F0-FB91-431E-8B97-8CFEDDB8B482}.Debug|Any CPU.Build.0 = Debug|Any CPU
		{8CF638F0-FB91-431E-8B97-8CFEDDB8B482}.Release|Any CPU.ActiveCfg = Release|Any CPU
		{8CF638F0-FB91-431E-8B97-8CFEDDB8B482}.Release|Any CPU.Build.0 = Release|Any CPU
		{7D0133E7-279A-4417-B8B7-33DE9912A13B}.Debug|Any CPU.ActiveCfg = Debug|Any CPU
		{7D0133E7-279A-4417-B8B7-33DE9912A13B}.Debug|Any CPU.Build.0 = Debug|Any CPU
		{7D0133E7-279A-4417-B8B7-33DE9912A13B}.Release|Any CPU.ActiveCfg = Release|Any CPU
		{7D0133E7-279A-4417-B8B7-33DE9912A13B}.Release|Any CPU.Build.0 = Release|Any CPU
		{EBB005B6-A16B-4C52-9C2C-9C07E29EB669}.Debug|Any CPU.ActiveCfg = Debug|Any CPU
		{EBB005B6-A16B-4C52-9C2C-9C07E29EB669}.Debug|Any CPU.Build.0 = Debug|Any CPU
		{EBB005B6-A16B-4C52-9C2C-9C07E29EB669}.Release|Any CPU.ActiveCfg = Release|Any CPU
		{EBB005B6-A16B-4C52-9C2C-9C07E29EB669}.Release|Any CPU.Build.0 = Release|Any CPU
		{11B60C68-C758-4A43-ADBE-C68F5A988E03}.Debug|Any CPU.ActiveCfg = Debug|Any CPU
		{11B60C68-C758-4A43-ADBE-C68F5A988E03}.Debug|Any CPU.Build.0 = Debug|Any CPU
		{11B60C68-C758-4A43-ADBE-C68F5A988E03}.Release|Any CPU.ActiveCfg = Release|Any CPU
		{11B60C68-C758-4A43-ADBE-C68F5A988E03}.Release|Any CPU.Build.0 = Release|Any CPU
	EndGlobalSection
	GlobalSection(SolutionProperties) = preSolution
		HideSolutionNode = FALSE
	EndGlobalSection
	GlobalSection(ExtensibilityGlobals) = postSolution
		SolutionGuid = {94773FA2-666C-48A4-A383-D33CFE6EB3A8}
	EndGlobalSection
EndGlobal
